# Generated by pub
# See https://www.dartlang.org/tools/pub/glossary#lockfile
packages:
  after_layout:
    dependency: transitive
    description:
      name: after_layout
      url: "https://pub.dartlang.org"
    source: hosted
    version: "1.0.4"
  cloud_firestore:
    dependency: "direct main"
    description:
      name: cloud_firestore
      url: "https://pub.dartlang.org"
    source: hosted
    version: "0.7.4"
  collection:
    dependency: transitive
    description:
      name: collection
      url: "https://pub.dartlang.org"
    source: hosted
    version: "1.14.11"
  cupertino_icons:
    dependency: "direct main"
    description:
      name: cupertino_icons
      url: "https://pub.dartlang.org"
    source: hosted
    version: "0.1.2"
  firebase_core:
    dependency: transitive
    description:
      name: firebase_core
      url: "https://pub.dartlang.org"
    source: hosted
    version: "0.2.5"
  flutter:
    dependency: "direct main"
    description: flutter
    source: sdk
    version: "0.0.0"
  intl:
    dependency: "direct main"
    description:
      name: intl
      url: "https://pub.dartlang.org"
    source: hosted
    version: "0.15.7"
  matcher:
    dependency: transitive
    description:
      name: matcher
      url: "https://pub.dartlang.org"
    source: hosted
    version: "0.12.3+1"
  meta:
    dependency: transitive
    description:
      name: meta
      url: "https://pub.dartlang.org"
    source: hosted
    version: "1.1.6"
  path:
    dependency: transitive
    description:
      name: path
      url: "https://pub.dartlang.org"
    source: hosted
    version: "1.6.2"
  photo_view:
    dependency: "direct main"
    description:
      name: photo_view
      url: "https://pub.dartlang.org"
    source: hosted
    version: "0.0.10"
  quiver:
    dependency: "direct overridden"
    description:
      name: quiver
      url: "https://pub.dartlang.org"
    source: hosted
    version: "2.0.0+1"
  sky_engine:
    dependency: transitive
    description: flutter
    source: sdk
    version: "0.0.99"
  stack_trace:
    dependency: transitive
    description:
      name: stack_trace
      url: "https://pub.dartlang.org"
    source: hosted
    version: "1.9.3"
  typed_data:
    dependency: transitive
    description:
      name: typed_data
      url: "https://pub.dartlang.org"
    source: hosted
    version: "1.1.6"
  uri:
    dependency: "direct main"
    description:
      name: uri
      url: "https://pub.dartlang.org"
    source: hosted
    version: "0.11.3"
  url_launcher:
    dependency: "direct main"
    description:
      name: url_launcher
      url: "https://pub.dartlang.org"
    source: hosted
    version: "4.0.1"
  utf:
    dependency: transitive
    description:
      name: utf
      url: "https://pub.dartlang.org"
    source: hosted
    version: "0.9.0+5"
  vector_math:
    dependency: transitive
    description:
      name: vector_math
      url: "https://pub.dartlang.org"
    source: hosted
    version: "2.0.8"
sdks:
  dart: ">=2.0.0-dev.68.0 <3.0.0"
  flutter: ">=0.5.6 <2.0.0"
